
Microsoft Visual Studio Solution File, Format Version 12.00
# Visual Studio Version 16
VisualStudioVersion = 16.0.30114.105
MinimumVisualStudioVersion = 10.0.40219.1
Project("{FAE04EC0-301F-11D3-BF4B-00C04F79EFBC}") = "winCron", "winCron.csproj", "{07E69AE0-DAF1-4538-80A6-700159C91B9B}"
EndProject
Global
	GlobalSection(SolutionConfigurationPlatforms) = preSolution
		Debug|Any CPU = Debug|Any CPU
		Release|Any CPU = Release|Any CPU
		ReleaseInv|Any CPU = ReleaseInv|Any CPU
	EndGlobalSection
	GlobalSection(ProjectConfigurationPlatforms) = postSolution
		{07E69AE0-DAF1-4538-80A6-700159C91B9B}.Debug|Any CPU.ActiveCfg = Debug|Any CPU
		{07E69AE0-DAF1-4538-80A6-700159C91B9B}.Debug|Any CPU.Build.0 = Debug|Any CPU
		{07E69AE0-DAF1-4538-80A6-700159C91B9B}.Release|Any CPU.ActiveCfg = Release|Any CPU
		{07E69AE0-DAF1-4538-80A6-700159C91B9B}.Release|Any CPU.Build.0 = Release|Any CPU
		{07E69AE0-DAF1-4538-80A6-700159C91B9B}.ReleaseInv|Any CPU.ActiveCfg = ReleaseInv|Any CPU
		{07E69AE0-DAF1-4538-80A6-700159C91B9B}.ReleaseInv|Any CPU.Build.0 = ReleaseInv|Any CPU
	EndGlobalSection
	GlobalSection(SolutionProperties) = preSolution
		HideSolutionNode = FALSE
	EndGlobalSection
	GlobalSection(ExtensibilityGlobals) = postSolution
		SolutionGuid = {39EC415E-C8D7-4E5D-A434-79AB73EC0B95}
	EndGlobalSection
EndGlobal
